
Microsoft Visual Studio Solution File, Format Version 12.00
# Visual Studio Version 16
VisualStudioVersion = 16.0.34031.81
MinimumVisualStudioVersion = 10.0.40219.1
Project("{FAE04EC0-301F-11D3-BF4B-00C04F79EFBC}") = "Practica_Discos", "Practica-Discos\Practica_Discos.csproj", "{CC6156B8-37E1-4E74-AA55-AE90C7A55118}"
EndProject
Project("{FAE04EC0-301F-11D3-BF4B-00C04F79EFBC}") = "Dominio", "Dominio\Dominio.csproj", "{DBAEB274-C6C2-47D0-852B-E1DCA3C1C49C}"
EndProject
Project("{FAE04EC0-301F-11D3-BF4B-00C04F79EFBC}") = "Negocio", "Negocio\Negocio.csproj", "{7C449A06-2DA6-4597-8F46-7C2C3E0A1AC6}"
EndProject
Global
	GlobalSection(SolutionConfigurationPlatforms) = preSolution
		Debug|Any CPU = Debug|Any CPU
		Release|Any CPU = Release|Any CPU
	EndGlobalSection
	GlobalSection(ProjectConfigurationPlatforms) = postSolution
		{CC6156B8-37E1-4E74-AA55-AE90C7A55118}.Debug|Any CPU.ActiveCfg = Debug|Any CPU
		{CC6156B8-37E1-4E74-AA55-AE90C7A55118}.Debug|Any CPU.Build.0 = Debug|Any CPU
		{CC6156B8-37E1-4E74-AA55-AE90C7A55118}.Release|Any CPU.ActiveCfg = Release|Any CPU
		{CC6156B8-37E1-4E74-AA55-AE90C7A55118}.Release|Any CPU.Build.0 = Release|Any CPU
		{DBAEB274-C6C2-47D0-852B-E1DCA3C1C49C}.Debug|Any CPU.ActiveCfg = Debug|Any CPU
		{DBAEB274-C6C2-47D0-852B-E1DCA3C1C49C}.Debug|Any CPU.Build.0 = Debug|Any CPU
		{DBAEB274-C6C2-47D0-852B-E1DCA3C1C49C}.Release|Any CPU.ActiveCfg = Release|Any CPU
		{DBAEB274-C6C2-47D0-852B-E1DCA3C1C49C}.Release|Any CPU.Build.0 = Release|Any CPU
		{7C449A06-2DA6-4597-8F46-7C2C3E0A1AC6}.Debug|Any CPU.ActiveCfg = Debug|Any CPU
		{7C449A06-2DA6-4597-8F46-7C2C3E0A1AC6}.Debug|Any CPU.Build.0 = Debug|Any CPU
		{7C449A06-2DA6-4597-8F46-7C2C3E0A1AC6}.Release|Any CPU.ActiveCfg = Release|Any CPU
		{7C449A06-2DA6-4597-8F46-7C2C3E0A1AC6}.Release|Any CPU.Build.0 = Release|Any CPU
	EndGlobalSection
	GlobalSection(SolutionProperties) = preSolution
		HideSolutionNode = FALSE
	EndGlobalSection
	GlobalSection(ExtensibilityGlobals) = postSolution
		SolutionGuid = {78260479-7A6D-4EC9-AE92-56FE68D40E55}
	EndGlobalSection
EndGlobal
